// !$*UTF8*$!
{
	archiveVersion = 1;
	classes = {
	};
	objectVersion = 54;
	objects = {

/* Begin PBXBuildFile section */
		C038C8BD27F68CED00E7D878 /* Constants in Frameworks */ = {isa = PBXBuildFile; productRef = C038C8BC27F68CED00E7D878 /* Constants */; };
		C05E64BC2B249300009AAF7E /* App in Frameworks */ = {isa = PBXBuildFile; productRef = C05E64BB2B249300009AAF7E /* App */; };
		C0C308E927F69AEA00B80EA1 /* Persistence in Frameworks */ = {isa = PBXBuildFile; productRef = C0C308E827F69AEA00B80EA1 /* Persistence */; };
		C0C445FC26E832E1009B6449 /* AppDelegate.swift in Sources */ = {isa = PBXBuildFile; fileRef = C0C445FB26E832E1009B6449 /* AppDelegate.swift */; };
		C0C445FE26E832E1009B6449 /* SceneDelegate.swift in Sources */ = {isa = PBXBuildFile; fileRef = C0C445FD26E832E1009B6449 /* SceneDelegate.swift */; };
		C0C4460826E832E6009B6449 /* Assets.xcassets in Resources */ = {isa = PBXBuildFile; fileRef = C0C4460726E832E6009B6449 /* Assets.xcassets */; };
		C0C4460B26E832E6009B6449 /* LaunchScreen.storyboard in Resources */ = {isa = PBXBuildFile; fileRef = C0C4460926E832E6009B6449 /* LaunchScreen.storyboard */; };
		C0C8FBA12934379300AB8E3F /* ModelAppearance in Frameworks */ = {isa = PBXBuildFile; productRef = C0C8FBA02934379300AB8E3F /* ModelAppearance */; };
		C0CB996026E83E0500339F1F /* CloudKit.framework in Frameworks */ = {isa = PBXBuildFile; fileRef = C0CB995F26E83E0500339F1F /* CloudKit.framework */; };
		C0DB30D926F5B26F0069B942 /* DequeModule in Frameworks */ = {isa = PBXBuildFile; productRef = C0DB30D826F5B26F0069B942 /* DequeModule */; };
		C0DB30DB26F5B26F0069B942 /* Collections in Frameworks */ = {isa = PBXBuildFile; productRef = C0DB30DA26F5B26F0069B942 /* Collections */; };
		C0DB30DD26F5B26F0069B942 /* OrderedCollections in Frameworks */ = {isa = PBXBuildFile; productRef = C0DB30DC26F5B26F0069B942 /* OrderedCollections */; };
		C0DB30E026F5B2930069B942 /* SwifterSwift in Frameworks */ = {isa = PBXBuildFile; productRef = C0DB30DF26F5B2930069B942 /* SwifterSwift */; };
/* End PBXBuildFile section */

/* Begin PBXFileReference section */
		C00C76D226E833CD006138A6 /* Config.xcconfig */ = {isa = PBXFileReference; fileEncoding = 4; lastKnownFileType = text.xcconfig; path = Config.xcconfig; sourceTree = "<group>"; };
		C05EBA4A29A83BFB0025C705 /* Modules */ = {isa = PBXFileReference; lastKnownFileType = wrapper; path = Modules; sourceTree = "<group>"; };
		C0C445F826E832E1009B6449 /* CHANGME.app */ = {isa = PBXFileReference; explicitFileType = wrapper.application; includeInIndex = 0; path = CHANGME.app; sourceTree = BUILT_PRODUCTS_DIR; };
		C0C445FB26E832E1009B6449 /* AppDelegate.swift */ = {isa = PBXFileReference; lastKnownFileType = sourcecode.swift; path = AppDelegate.swift; sourceTree = "<group>"; };
		C0C445FD26E832E1009B6449 /* SceneDelegate.swift */ = {isa = PBXFileReference; lastKnownFileType = sourcecode.swift; path = SceneDelegate.swift; sourceTree = "<group>"; };
		C0C4460726E832E6009B6449 /* Assets.xcassets */ = {isa = PBXFileReference; lastKnownFileType = folder.assetcatalog; path = Assets.xcassets; sourceTree = "<group>"; };
		C0C4460A26E832E6009B6449 /* Base */ = {isa = PBXFileReference; lastKnownFileType = file.storyboard; name = Base; path = Base.lproj/LaunchScreen.storyboard; sourceTree = "<group>"; };
		C0C4460C26E832E6009B6449 /* Info.plist */ = {isa = PBXFileReference; lastKnownFileType = text.plist.xml; path = Info.plist; sourceTree = "<group>"; };
		C0CB995D26E83DF900339F1F /* App.entitlements */ = {isa = PBXFileReference; lastKnownFileType = text.plist.entitlements; path = App.entitlements; sourceTree = "<group>"; };
		C0CB995F26E83E0500339F1F /* CloudKit.framework */ = {isa = PBXFileReference; lastKnownFileType = wrapper.framework; name = CloudKit.framework; path = System/Library/Frameworks/CloudKit.framework; sourceTree = SDKROOT; };
/* End PBXFileReference section */

/* Begin PBXFrameworksBuildPhase section */
		C0C445F526E832E1009B6449 /* Frameworks */ = {
			isa = PBXFrameworksBuildPhase;
			buildActionMask = 2147483647;
			files = (
				C05E64BC2B249300009AAF7E /* App in Frameworks */,
				C0C8FBA12934379300AB8E3F /* ModelAppearance in Frameworks */,
				C0C308E927F69AEA00B80EA1 /* Persistence in Frameworks */,
				C0DB30E026F5B2930069B942 /* SwifterSwift in Frameworks */,
				C0DB30D926F5B26F0069B942 /* DequeModule in Frameworks */,
				C0DB30DD26F5B26F0069B942 /* OrderedCollections in Frameworks */,
				C0DB30DB26F5B26F0069B942 /* Collections in Frameworks */,
				C038C8BD27F68CED00E7D878 /* Constants in Frameworks */,
				C0CB996026E83E0500339F1F /* CloudKit.framework in Frameworks */,
			);
			runOnlyForDeploymentPostprocessing = 0;
		};
/* End PBXFrameworksBuildPhase section */

/* Begin PBXGroup section */
		C00C76CF26E83365006138A6 /* Resources */ = {
			isa = PBXGroup;
			children = (
				C0CB995D26E83DF900339F1F /* App.entitlements */,
				C0C4460726E832E6009B6449 /* Assets.xcassets */,
				C0C4460926E832E6009B6449 /* LaunchScreen.storyboard */,
				C0C4460C26E832E6009B6449 /* Info.plist */,
			);
			path = Resources;
			sourceTree = "<group>";
		};
		C00C76D126E833BF006138A6 /* Config */ = {
			isa = PBXGroup;
			children = (
				C00C76D226E833CD006138A6 /* Config.xcconfig */,
			);
			path = Config;
			sourceTree = "<group>";
		};
		C00C76DE26E836A9006138A6 /* App */ = {
			isa = PBXGroup;
			children = (
				C0C445FB26E832E1009B6449 /* AppDelegate.swift */,
				C0C445FD26E832E1009B6449 /* SceneDelegate.swift */,
			);
			path = App;
			sourceTree = "<group>";
		};
		C0C445EF26E832E1009B6449 = {
			isa = PBXGroup;
			children = (
				C05EBA4A29A83BFB0025C705 /* Modules */,
				C0C445FA26E832E1009B6449 /* App */,
				C0C445F926E832E1009B6449 /* Products */,
				C0CB995E26E83E0500339F1F /* Frameworks */,
			);
			sourceTree = "<group>";
		};
		C0C445F926E832E1009B6449 /* Products */ = {
			isa = PBXGroup;
			children = (
				C0C445F826E832E1009B6449 /* CHANGME.app */,
			);
			name = Products;
			sourceTree = "<group>";
		};
		C0C445FA26E832E1009B6449 /* App */ = {
			isa = PBXGroup;
			children = (
				C00C76D126E833BF006138A6 /* Config */,
				C00C76CF26E83365006138A6 /* Resources */,
				C00C76DE26E836A9006138A6 /* App */,
			);
			path = App;
			sourceTree = "<group>";
		};
		C0CB995E26E83E0500339F1F /* Frameworks */ = {
			isa = PBXGroup;
			children = (
				C0CB995F26E83E0500339F1F /* CloudKit.framework */,
			);
			name = Frameworks;
			sourceTree = "<group>";
		};
/* End PBXGroup section */

/* Begin PBXNativeTarget section */
		C0C445F726E832E1009B6449 /* App */ = {
			isa = PBXNativeTarget;
			buildConfigurationList = C0C4460F26E832E6009B6449 /* Build configuration list for PBXNativeTarget "App" */;
			buildPhases = (
				C0C445F426E832E1009B6449 /* Sources */,
				C0C445F526E832E1009B6449 /* Frameworks */,
				C0C445F626E832E1009B6449 /* Resources */,
			);
			buildRules = (
			);
			dependencies = (
			);
			name = App;
			packageProductDependencies = (
				C0DB30D826F5B26F0069B942 /* DequeModule */,
				C0DB30DA26F5B26F0069B942 /* Collections */,
				C0DB30DC26F5B26F0069B942 /* OrderedCollections */,
				C0DB30DF26F5B2930069B942 /* SwifterSwift */,
				C038C8BC27F68CED00E7D878 /* Constants */,
				C0C308E827F69AEA00B80EA1 /* Persistence */,
				C0C8FBA02934379300AB8E3F /* ModelAppearance */,
				C05E64BB2B249300009AAF7E /* App */,
			);
			productName = SkeletonDemo;
			productReference = C0C445F826E832E1009B6449 /* CHANGME.app */;
			productType = "com.apple.product-type.application";
		};
/* End PBXNativeTarget section */

/* Begin PBXProject section */
		C0C445F026E832E1009B6449 /* Project object */ = {
			isa = PBXProject;
			attributes = {
				LastSwiftUpdateCheck = 1250;
				LastUpgradeCheck = 1330;
				TargetAttributes = {
					C0C445F726E832E1009B6449 = {
						CreatedOnToolsVersion = 12.5;
					};
				};
			};
			buildConfigurationList = C0C445F326E832E1009B6449 /* Build configuration list for PBXProject "App" */;
			compatibilityVersion = "Xcode 9.3";
			developmentRegion = en;
			hasScannedForEncodings = 0;
			knownRegions = (
				en,
				Base,
			);
			mainGroup = C0C445EF26E832E1009B6449;
			packageReferences = (
				C0DB30D526F5B26F0069B942 /* XCRemoteSwiftPackageReference "swift-collections" */,
				C0DB30DE26F5B2930069B942 /* XCRemoteSwiftPackageReference "SwifterSwift" */,
			);
			productRefGroup = C0C445F926E832E1009B6449 /* Products */;
			projectDirPath = "";
			projectRoot = "";
			targets = (
				C0C445F726E832E1009B6449 /* App */,
			);
		};
/* End PBXProject section */

/* Begin PBXResourcesBuildPhase section */
		C0C445F626E832E1009B6449 /* Resources */ = {
			isa = PBXResourcesBuildPhase;
			buildActionMask = 2147483647;
			files = (
				C0C4460B26E832E6009B6449 /* LaunchScreen.storyboard in Resources */,
				C0C4460826E832E6009B6449 /* Assets.xcassets in Resources */,
			);
			runOnlyForDeploymentPostprocessing = 0;
		};
/* End PBXResourcesBuildPhase section */

/* Begin PBXSourcesBuildPhase section */
		C0C445F426E832E1009B6449 /* Sources */ = {
			isa = PBXSourcesBuildPhase;
			buildActionMask = 2147483647;
			files = (
				C0C445FC26E832E1009B6449 /* AppDelegate.swift in Sources */,
				C0C445FE26E832E1009B6449 /* SceneDelegate.swift in Sources */,
			);
			runOnlyForDeploymentPostprocessing = 0;
		};
/* End PBXSourcesBuildPhase section */

/* Begin PBXVariantGroup section */
		C0C4460926E832E6009B6449 /* LaunchScreen.storyboard */ = {
			isa = PBXVariantGroup;
			children = (
				C0C4460A26E832E6009B6449 /* Base */,
			);
			name = LaunchScreen.storyboard;
			sourceTree = "<group>";
		};
/* End PBXVariantGroup section */

/* Begin XCBuildConfiguration section */
		C0C4460D26E832E6009B6449 /* Debug */ = {
			isa = XCBuildConfiguration;
			baseConfigurationReference = C00C76D226E833CD006138A6 /* Config.xcconfig */;
			buildSettings = {
				ALWAYS_SEARCH_USER_PATHS = NO;
				CLANG_ANALYZER_NONNULL = YES;
				CLANG_ANALYZER_NUMBER_OBJECT_CONVERSION = YES_AGGRESSIVE;
				CLANG_CXX_LANGUAGE_STANDARD = "gnu++14";
				CLANG_CXX_LIBRARY = "libc++";
				CLANG_ENABLE_MODULES = YES;
				CLANG_ENABLE_OBJC_ARC = YES;
				CLANG_ENABLE_OBJC_WEAK = YES;
				CLANG_WARN_BLOCK_CAPTURE_AUTORELEASING = YES;
				CLANG_WARN_BOOL_CONVERSION = YES;
				CLANG_WARN_COMMA = YES;
				CLANG_WARN_CONSTANT_CONVERSION = YES;
				CLANG_WARN_DEPRECATED_OBJC_IMPLEMENTATIONS = YES;
				CLANG_WARN_DIRECT_OBJC_ISA_USAGE = YES_ERROR;
				CLANG_WARN_DOCUMENTATION_COMMENTS = YES;
				CLANG_WARN_EMPTY_BODY = YES;
				CLANG_WARN_ENUM_CONVERSION = YES;
				CLANG_WARN_INFINITE_RECURSION = YES;
				CLANG_WARN_INT_CONVERSION = YES;
				CLANG_WARN_NON_LITERAL_NULL_CONVERSION = YES;
				CLANG_WARN_OBJC_IMPLICIT_RETAIN_SELF = YES;
				CLANG_WARN_OBJC_LITERAL_CONVERSION = YES;
				CLANG_WARN_OBJC_ROOT_CLASS = YES_ERROR;
				CLANG_WARN_QUOTED_INCLUDE_IN_FRAMEWORK_HEADER = YES;
				CLANG_WARN_RANGE_LOOP_ANALYSIS = YES;
				CLANG_WARN_STRICT_PROTOTYPES = YES;
				CLANG_WARN_SUSPICIOUS_MOVE = YES;
				CLANG_WARN_UNGUARDED_AVAILABILITY = YES_AGGRESSIVE;
				CLANG_WARN_UNREACHABLE_CODE = YES;
				CLANG_WARN__DUPLICATE_METHOD_MATCH = YES;
				COPY_PHASE_STRIP = NO;
				DEBUG_INFORMATION_FORMAT = dwarf;
				ENABLE_STRICT_OBJC_MSGSEND = YES;
				ENABLE_TESTABILITY = YES;
				GCC_C_LANGUAGE_STANDARD = gnu11;
				GCC_DYNAMIC_NO_PIC = NO;
				GCC_NO_COMMON_BLOCKS = YES;
				GCC_OPTIMIZATION_LEVEL = 0;
				GCC_PREPROCESSOR_DEFINITIONS = (
					"DEBUG=1",
					"$(inherited)",
				);
				GCC_WARN_64_TO_32_BIT_CONVERSION = YES;
				GCC_WARN_ABOUT_RETURN_TYPE = YES_ERROR;
				GCC_WARN_UNDECLARED_SELECTOR = YES;
				GCC_WARN_UNINITIALIZED_AUTOS = YES_AGGRESSIVE;
				GCC_WARN_UNUSED_FUNCTION = YES;
				GCC_WARN_UNUSED_VARIABLE = YES;
				IPHONEOS_DEPLOYMENT_TARGET = 15.0;
				MARKETING_VERSION = "$(APP_VERSION)";
				MTL_ENABLE_DEBUG_INFO = INCLUDE_SOURCE;
				MTL_FAST_MATH = YES;
				ONLY_ACTIVE_ARCH = YES;
				SDKROOT = iphoneos;
				SWIFT_ACTIVE_COMPILATION_CONDITIONS = DEBUG;
				SWIFT_OPTIMIZATION_LEVEL = "-Onone";
			};
			name = Debug;
		};
		C0C4460E26E832E6009B6449 /* Release */ = {
			isa = XCBuildConfiguration;
			baseConfigurationReference = C00C76D226E833CD006138A6 /* Config.xcconfig */;
			buildSettings = {
				ALWAYS_SEARCH_USER_PATHS = NO;
				CLANG_ANALYZER_NONNULL = YES;
				CLANG_ANALYZER_NUMBER_OBJECT_CONVERSION = YES_AGGRESSIVE;
				CLANG_CXX_LANGUAGE_STANDARD = "gnu++14";
				CLANG_CXX_LIBRARY = "libc++";
				CLANG_ENABLE_MODULES = YES;
				CLANG_ENABLE_OBJC_ARC = YES;
				CLANG_ENABLE_OBJC_WEAK = YES;
				CLANG_WARN_BLOCK_CAPTURE_AUTORELEASING = YES;
				CLANG_WARN_BOOL_CONVERSION = YES;
				CLANG_WARN_COMMA = YES;
				CLANG_WARN_CONSTANT_CONVERSION = YES;
				CLANG_WARN_DEPRECATED_OBJC_IMPLEMENTATIONS = YES;
				CLANG_WARN_DIRECT_OBJC_ISA_USAGE = YES_ERROR;
				CLANG_WARN_DOCUMENTATION_COMMENTS = YES;
				CLANG_WARN_EMPTY_BODY = YES;
				CLANG_WARN_ENUM_CONVERSION = YES;
				CLANG_WARN_INFINITE_RECURSION = YES;
				CLANG_WARN_INT_CONVERSION = YES;
				CLANG_WARN_NON_LITERAL_NULL_CONVERSION = YES;
				CLANG_WARN_OBJC_IMPLICIT_RETAIN_SELF = YES;
				CLANG_WARN_OBJC_LITERAL_CONVERSION = YES;
				CLANG_WARN_OBJC_ROOT_CLASS = YES_ERROR;
				CLANG_WARN_QUOTED_INCLUDE_IN_FRAMEWORK_HEADER = YES;
				CLANG_WARN_RANGE_LOOP_ANALYSIS = YES;
				CLANG_WARN_STRICT_PROTOTYPES = YES;
				CLANG_WARN_SUSPICIOUS_MOVE = YES;
				CLANG_WARN_UNGUARDED_AVAILABILITY = YES_AGGRESSIVE;
				CLANG_WARN_UNREACHABLE_CODE = YES;
				CLANG_WARN__DUPLICATE_METHOD_MATCH = YES;
				COPY_PHASE_STRIP = NO;
				DEBUG_INFORMATION_FORMAT = "dwarf-with-dsym";
				ENABLE_NS_ASSERTIONS = NO;
				ENABLE_STRICT_OBJC_MSGSEND = YES;
				GCC_C_LANGUAGE_STANDARD = gnu11;
				GCC_NO_COMMON_BLOCKS = YES;
				GCC_WARN_64_TO_32_BIT_CONVERSION = YES;
				GCC_WARN_ABOUT_RETURN_TYPE = YES_ERROR;
				GCC_WARN_UNDECLARED_SELECTOR = YES;
				GCC_WARN_UNINITIALIZED_AUTOS = YES_AGGRESSIVE;
				GCC_WARN_UNUSED_FUNCTION = YES;
				GCC_WARN_UNUSED_VARIABLE = YES;
				IPHONEOS_DEPLOYMENT_TARGET = 15.0;
				MARKETING_VERSION = "$(APP_VERSION)";
				MTL_ENABLE_DEBUG_INFO = NO;
				MTL_FAST_MATH = YES;
				SDKROOT = iphoneos;
				SWIFT_COMPILATION_MODE = wholemodule;
				SWIFT_OPTIMIZATION_LEVEL = "-O";
				VALIDATE_PRODUCT = YES;
			};
			name = Release;
		};
		C0C4461026E832E6009B6449 /* Debug */ = {
			isa = XCBuildConfiguration;
			buildSettings = {
				ASSETCATALOG_COMPILER_APPICON_NAME = AppIcon;
				ASSETCATALOG_COMPILER_GLOBAL_ACCENT_COLOR_NAME = AccentColor;
				CODE_SIGN_ENTITLEMENTS = "${ENTITLEMENTS_PATH}";
				CODE_SIGN_STYLE = Automatic;
				DEVELOPMENT_TEAM = 5472Y4VEBN;
				ENTITLEMENTS_PATH = "$(ENTITLEMENTS_PATH)";
				INFOPLIST_FILE = "${PLIST_PATH}";
				IPHONEOS_DEPLOYMENT_TARGET = 15.0;
				LD_RUNPATH_SEARCH_PATHS = (
					"$(inherited)",
					"@executable_path/Frameworks",
				);
				MARKETING_VERSION = "$(APP_VERSION)";
				OTHER_LDFLAGS = (
					"-Xlinker",
					"-interposable",
				);
				PRODUCT_BUNDLE_IDENTIFIER = com.xr1337.SkeletonDemo;
				PRODUCT_NAME = "$(TARGET_NAME)";
				SWIFT_VERSION = 5.0;
				TARGETED_DEVICE_FAMILY = 1;
				TARGET_NAME = "$(APP_NAME)";
			};
			name = Debug;
		};
		C0C4461126E832E6009B6449 /* Release */ = {
			isa = XCBuildConfiguration;
			buildSettings = {
				ASSETCATALOG_COMPILER_APPICON_NAME = AppIcon;
				ASSETCATALOG_COMPILER_GLOBAL_ACCENT_COLOR_NAME = AccentColor;
				CODE_SIGN_ENTITLEMENTS = "${ENTITLEMENTS_PATH}";
				CODE_SIGN_STYLE = Automatic;
				DEVELOPMENT_TEAM = 5472Y4VEBN;
				ENTITLEMENTS_PATH = "$(ENTITLEMENTS_PATH)";
				INFOPLIST_FILE = "${PLIST_PATH}";
				IPHONEOS_DEPLOYMENT_TARGET = 15.0;
				LD_RUNPATH_SEARCH_PATHS = (
					"$(inherited)",
					"@executable_path/Frameworks",
				);
				MARKETING_VERSION = "$(APP_VERSION)";
				OTHER_LDFLAGS = (
					"-Xlinker",
					"-interposable",
				);
				PRODUCT_BUNDLE_IDENTIFIER = com.xr1337.SkeletonDemo;
				PRODUCT_NAME = "$(TARGET_NAME)";
				SWIFT_VERSION = 5.0;
				TARGETED_DEVICE_FAMILY = 1;
				TARGET_NAME = "$(APP_NAME)";
			};
			name = Release;
		};
/* End XCBuildConfiguration section */

/* Begin XCConfigurationList section */
		C0C445F326E832E1009B6449 /* Build configuration list for PBXProject "App" */ = {
			isa = XCConfigurationList;
			buildConfigurations = (
				C0C4460D26E832E6009B6449 /* Debug */,
				C0C4460E26E832E6009B6449 /* Release */,
			);
			defaultConfigurationIsVisible = 0;
			defaultConfigurationName = Release;
		};
		C0C4460F26E832E6009B6449 /* Build configuration list for PBXNativeTarget "App" */ = {
			isa = XCConfigurationList;
			buildConfigurations = (
				C0C4461026E832E6009B6449 /* Debug */,
				C0C4461126E832E6009B6449 /* Release */,
			);
			defaultConfigurationIsVisible = 0;
			defaultConfigurationName = Release;
		};
/* End XCConfigurationList section */

/* Begin XCRemoteSwiftPackageReference section */
		C0DB30D526F5B26F0069B942 /* XCRemoteSwiftPackageReference "swift-collections" */ = {
			isa = XCRemoteSwiftPackageReference;
			repositoryURL = "https://github.com/apple/swift-collections";
			requirement = {
				branch = main;
				kind = branch;
			};
		};
		C0DB30DE26F5B2930069B942 /* XCRemoteSwiftPackageReference "SwifterSwift" */ = {
			isa = XCRemoteSwiftPackageReference;
			repositoryURL = "https://github.com/SwifterSwift/SwifterSwift.git";
			requirement = {
				branch = master;
				kind = branch;
			};
		};
/* End XCRemoteSwiftPackageReference section */

/* Begin XCSwiftPackageProductDependency section */
		C038C8BC27F68CED00E7D878 /* Constants */ = {
			isa = XCSwiftPackageProductDependency;
			productName = Constants;
		};
		C05E64BB2B249300009AAF7E /* App */ = {
			isa = XCSwiftPackageProductDependency;
			productName = App;
		};
		C0C308E827F69AEA00B80EA1 /* Persistence */ = {
			isa = XCSwiftPackageProductDependency;
			productName = Persistence;
		};
		C0C8FBA02934379300AB8E3F /* ModelAppearance */ = {
			isa = XCSwiftPackageProductDependency;
			productName = ModelAppearance;
		};
		C0DB30D826F5B26F0069B942 /* DequeModule */ = {
			isa = XCSwiftPackageProductDependency;
			package = C0DB30D526F5B26F0069B942 /* XCRemoteSwiftPackageReference "swift-collections" */;
			productName = DequeModule;
		};
		C0DB30DA26F5B26F0069B942 /* Collections */ = {
			isa = XCSwiftPackageProductDependency;
			package = C0DB30D526F5B26F0069B942 /* XCRemoteSwiftPackageReference "swift-collections" */;
			productName = Collections;
		};
		C0DB30DC26F5B26F0069B942 /* OrderedCollections */ = {
			isa = XCSwiftPackageProductDependency;
			package = C0DB30D526F5B26F0069B942 /* XCRemoteSwiftPackageReference "swift-collections" */;
			productName = OrderedCollections;
		};
		C0DB30DF26F5B2930069B942 /* SwifterSwift */ = {
			isa = XCSwiftPackageProductDependency;
			package = C0DB30DE26F5B2930069B942 /* XCRemoteSwiftPackageReference "SwifterSwift" */;
			productName = SwifterSwift;
		};
/* End XCSwiftPackageProductDependency section */
	};
	rootObject = C0C445F026E832E1009B6449 /* Project object */;
}
