{
  "originHash" : "d824a4a0a64ff835e24face21b1e9af97456dd99772c1b874e8605fbd6db8492",
  "pins" : [
    {
      "identity" : "keychainaccess",
      "kind" : "remoteSourceControl",
      "location" : "https://github.com/kishikawakatsumi/KeychainAccess",
      "state" : {
        "branch" : "master",
        "revision" : "e0c7eebc5a4465a3c4680764f26b7a61f567cdaf"
      }
    },
    {
      "identity" : "swift-collections",
      "kind" : "remoteSourceControl",
      "location" : "https://github.com/apple/swift-collections",
      "state" : {
        "branch" : "main",
        "revision" : "b45c41445b04344ebdd2751f083e79ac128b959e"
      }
    },
    {
      "identity" : "swifterswift",
      "kind" : "remoteSourceControl",
      "location" : "https://github.com/SwifterSwift/SwifterSwift.git",
      "state" : {
        "branch" : "master",
        "revision" : "ac4aff4f612d3b90c23678a0b8edebe47f3902da"
      }
    },
    {
      "identity" : "syasaspm",
      "kind" : "remoteSourceControl",
      "location" : "https://github.com/xr1337/SyasaSPM.git",
      "state" : {
        "branch" : "main",
        "revision" : "6e4791ae2e4b92b803e48d34bcd685c6310a2b4e"
      }
    }
  ],
  "version" : 3
}
