{
  "originHash" : "cd24175a2985e9f0b383fd6f4b89bf2736912bd110c9ff3bc8cff45039248a12",
  "pins" : [
    {
      "identity" : "keychainaccess",
      "kind" : "remoteSourceControl",
      "location" : "https://github.com/kishikawakatsumi/KeychainAccess",
      "state" : {
        "branch" : "master",
        "revision" : "e0c7eebc5a4465a3c4680764f26b7a61f567cdaf"
      }
    },
    {
      "identity" : "swift-collections",
      "kind" : "remoteSourceControl",
      "location" : "https://github.com/apple/swift-collections",
      "state" : {
        "branch" : "main",
        "revision" : "78b544fbe20995ef5310337a86917c7ec40c863a"
      }
    },
    {
      "identity" : "swifterswift",
      "kind" : "remoteSourceControl",
      "location" : "https://github.com/SwifterSwift/SwifterSwift.git",
      "state" : {
        "branch" : "master",
        "revision" : "470cf73260e34dfe0cb454555f58dd0917ab9604"
      }
    },
    {
      "identity" : "syasaspm",
      "kind" : "remoteSourceControl",
      "location" : "https://github.com/xr1337/SyasaSPM.git",
      "state" : {
        "branch" : "main",
        "revision" : "6e4791ae2e4b92b803e48d34bcd685c6310a2b4e"
      }
    }
  ],
  "version" : 3
}
