{
  "pins" : [
    {
      "identity" : "previewview",
      "kind" : "remoteSourceControl",
      "location" : "https://github.com/theoriginalbit/PreviewView",
      "state" : {
        "branch" : "main",
        "revision" : "ac66118a6b3d8fa33c45f0485bda89511f7c65e9"
      }
    },
    {
      "identity" : "swift-collections",
      "kind" : "remoteSourceControl",
      "location" : "https://github.com/apple/swift-collections",
      "state" : {
        "branch" : "main",
        "revision" : "0d4b9e3346eb0373ac6f85fe799b44b9b7e86d7e"
      }
    },
    {
      "identity" : "swifterswift",
      "kind" : "remoteSourceControl",
      "location" : "https://github.com/SwifterSwift/SwifterSwift.git",
      "state" : {
        "branch" : "master",
        "revision" : "64efd1a49f663bf785b729f7877283b4d0d2736e"
      }
    }
  ],
  "version" : 2
}
